hash: 21d09d09fb3bb73d96fac733792d738238fa370ec2013257ba67b300a646b5be
updated: 2016-07-24T20:47:26.56726041+02:00
imports:
- name: github.com/alecthomas/gozmq
  version: d1b01a2df6b2c64f03fecaeabea541963fc4749f
- name: github.com/mitchellh/go-homedir
  version: 756f7b183b7ab78acdbbee5c7f392838ed459dda
- name: github.com/motemen/go-quickfix
  version: 5c522febc6796f9c2ceabf9374a75490e2d268da
- name: github.com/nu7hatch/gouuid
  version: 179d4d0c4d8d407a32af483c2354df1d2c91e6c3
- name: github.com/pebbe/zmq4
  version: abe13fe06e130b96c4536978e0ff857716df558f
- name: golang.org/x/tools
  version: ed69e84b1518b5857a9f4e01d1f9cefdcc45246e
  subpackages:
  - go/ast/astutil
  - go/gcimporter15
  - imports
devImports: []
